
Microsoft Visual Studio Solution File, Format Version 12.00
# Visual Studio Version 16
VisualStudioVersion = 16.0.29519.87
MinimumVisualStudioVersion = 10.0.40219.1
Project("{9A19103F-16F7-4668-BE54-9A1E7A4F7556}") = "API_CRUD", "API_CRUD.csproj", "{FEB85DA7-99BE-4D51-BF37-A3DF1AEDFAF2}"
EndProject
Global
	GlobalSection(SolutionConfigurationPlatforms) = preSolution
		Debug|Any CPU = Debug|Any CPU
		Release|Any CPU = Release|Any CPU
	EndGlobalSection
	GlobalSection(ProjectConfigurationPlatforms) = postSolution
		{FEB85DA7-99BE-4D51-BF37-A3DF1AEDFAF2}.Debug|Any CPU.ActiveCfg = Debug|Any CPU
		{FEB85DA7-99BE-4D51-BF37-A3DF1AEDFAF2}.Debug|Any CPU.Build.0 = Debug|Any CPU
		{FEB85DA7-99BE-4D51-BF37-A3DF1AEDFAF2}.Release|Any CPU.ActiveCfg = Release|Any CPU
		{FEB85DA7-99BE-4D51-BF37-A3DF1AEDFAF2}.Release|Any CPU.Build.0 = Release|Any CPU
	EndGlobalSection
	GlobalSection(SolutionProperties) = preSolution
		HideSolutionNode = FALSE
	EndGlobalSection
	GlobalSection(ExtensibilityGlobals) = postSolution
		SolutionGuid = {5F9D47C3-46A9-4178-842B-A1380DF60598}
	EndGlobalSection
EndGlobal
